
Microsoft Visual Studio Solution File, Format Version 12.00
# Visual Studio Version 17
VisualStudioVersion = 17.8.34330.188
MinimumVisualStudioVersion = 10.0.40219.1
Project("{FAE04EC0-301F-11D3-BF4B-00C04F79EFBC}") = "ViaCepApi", "ViaCepApi.csproj", "{60C5BDBC-D4AD-46DB-90A3-C99FB3980402}"
EndProject
Global
	GlobalSection(SolutionConfigurationPlatforms) = preSolution
		Debug|Any CPU = Debug|Any CPU
		Release|Any CPU = Release|Any CPU
	EndGlobalSection
	GlobalSection(ProjectConfigurationPlatforms) = postSolution
		{60C5BDBC-D4AD-46DB-90A3-C99FB3980402}.Debug|Any CPU.ActiveCfg = Debug|Any CPU
		{60C5BDBC-D4AD-46DB-90A3-C99FB3980402}.Debug|Any CPU.Build.0 = Debug|Any CPU
		{60C5BDBC-D4AD-46DB-90A3-C99FB3980402}.Release|Any CPU.ActiveCfg = Release|Any CPU
		{60C5BDBC-D4AD-46DB-90A3-C99FB3980402}.Release|Any CPU.Build.0 = Release|Any CPU
	EndGlobalSection
	GlobalSection(SolutionProperties) = preSolution
		HideSolutionNode = FALSE
	EndGlobalSection
	GlobalSection(ExtensibilityGlobals) = postSolution
		SolutionGuid = {58A6C507-5BBF-4BBE-A01A-8A701038D9ED}
	EndGlobalSection
EndGlobal
